version = 1
revision = 2
requires-python = ">=3.12"

[manifest]
members = [
    "agent-core",
    "ai",
    "coding-agent",
]

[[package]]
name = "agent-core"
version = "0.1.0"
source = { editable = "packages/agent_core" }

[[package]]
name = "ai"
version = "0.1.0"
source = { editable = "packages/ai" }

[[package]]
name = "coding-agent"
version = "0.1.0"
source = { editable = "packages/coding_agent" }
